
Microsoft Visual Studio Solution File, Format Version 11.00
# Visual C++ Express 2010
Project("{8BC9CEB8-8B4A-11D0-8D11-00A0C91BC942}") = "KhurrentConsoleTestVS", "KhurrentConsoleTestVS\KhurrentConsoleTestVS.vcxproj", "{50EE4ECE-FA53-466F-8B00-FEBC49E95608}"
EndProject
Global
	GlobalSection(SolutionConfigurationPlatforms) = preSolution
		Debug|Win32 = Debug|Win32
		Release|Win32 = Release|Win32
	EndGlobalSection
	GlobalSection(ProjectConfigurationPlatforms) = postSolution
		{50EE4ECE-FA53-466F-8B00-FEBC49E95608}.Debug|Win32.ActiveCfg = Debug|Win32
		{50EE4ECE-FA53-466F-8B00-FEBC49E95608}.Debug|Win32.Build.0 = Debug|Win32
		{50EE4ECE-FA53-466F-8B00-FEBC49E95608}.Release|Win32.ActiveCfg = Release|Win32
		{50EE4ECE-FA53-466F-8B00-FEBC49E95608}.Release|Win32.Build.0 = Release|Win32
	EndGlobalSection
	GlobalSection(SolutionProperties) = preSolution
		HideSolutionNode = FALSE
	EndGlobalSection
EndGlobal
